// !$*UTF8*$!
{
	archiveVersion = 1;
	classes = {
	};
	objectVersion = 50;
	objects = {

/* Begin PBXBuildFile section */
		39204D7B20EEA9F400C2A44C /* AppDelegate.swift in Sources */ = {isa = PBXBuildFile; fileRef = 39204D7A20EEA9F400C2A44C /* AppDelegate.swift */; };
		39204D7D20EEA9F400C2A44C /* ViewController.swift in Sources */ = {isa = PBXBuildFile; fileRef = 39204D7C20EEA9F400C2A44C /* ViewController.swift */; };
		39204D8020EEA9F400C2A44C /* Main.storyboard in Resources */ = {isa = PBXBuildFile; fileRef = 39204D7E20EEA9F400C2A44C /* Main.storyboard */; };
		39204D8220EEA9F500C2A44C /* Assets.xcassets in Resources */ = {isa = PBXBuildFile; fileRef = 39204D8120EEA9F500C2A44C /* Assets.xcassets */; };
		39204D8520EEA9F500C2A44C /* LaunchScreen.storyboard in Resources */ = {isa = PBXBuildFile; fileRef = 39204D8320EEA9F500C2A44C /* LaunchScreen.storyboard */; };
		39204D9020EEA9F600C2A44C /* BucketListTests.swift in Sources */ = {isa = PBXBuildFile; fileRef = 39204D8F20EEA9F500C2A44C /* BucketListTests.swift */; };
		39204D9B20EEA9F600C2A44C /* BucketListUITests.swift in Sources */ = {isa = PBXBuildFile; fileRef = 39204D9A20EEA9F600C2A44C /* BucketListUITests.swift */; };
/* End PBXBuildFile section */

/* Begin PBXContainerItemProxy section */
		39204D8C20EEA9F500C2A44C /* PBXContainerItemProxy */ = {
			isa = PBXContainerItemProxy;
			containerPortal = 39204D6F20EEA9F400C2A44C /* Project object */;
			proxyType = 1;
			remoteGlobalIDString = 39204D7620EEA9F400C2A44C;
			remoteInfo = BucketList;
		};
		39204D9720EEA9F600C2A44C /* PBXContainerItemProxy */ = {
			isa = PBXContainerItemProxy;
			containerPortal = 39204D6F20EEA9F400C2A44C /* Project object */;
			proxyType = 1;
			remoteGlobalIDString = 39204D7620EEA9F400C2A44C;
			remoteInfo = BucketList;
		};
/* End PBXContainerItemProxy section */

/* Begin PBXFileReference section */
		39204D7720EEA9F400C2A44C /* BucketList.app */ = {isa = PBXFileReference; explicitFileType = wrapper.application; includeInIndex = 0; path = BucketList.app; sourceTree = BUILT_PRODUCTS_DIR; };
		39204D7A20EEA9F400C2A44C /* AppDelegate.swift */ = {isa = PBXFileReference; lastKnownFileType = sourcecode.swift; path = AppDelegate.swift; sourceTree = "<group>"; };
		39204D7C20EEA9F400C2A44C /* ViewController.swift */ = {isa = PBXFileReference; lastKnownFileType = sourcecode.swift; path = ViewController.swift; sourceTree = "<group>"; };
		39204D7F20EEA9F400C2A44C /* Base */ = {isa = PBXFileReference; lastKnownFileType = file.storyboard; name = Base; path = Base.lproj/Main.storyboard; sourceTree = "<group>"; };
		39204D8120EEA9F500C2A44C /* Assets.xcassets */ = {isa = PBXFileReference; lastKnownFileType = folder.assetcatalog; path = Assets.xcassets; sourceTree = "<group>"; };
		39204D8420EEA9F500C2A44C /* Base */ = {isa = PBXFileReference; lastKnownFileType = file.storyboard; name = Base; path = Base.lproj/LaunchScreen.storyboard; sourceTree = "<group>"; };
		39204D8620EEA9F500C2A44C /* Info.plist */ = {isa = PBXFileReference; lastKnownFileType = text.plist.xml; path = Info.plist; sourceTree = "<group>"; };
		39204D8B20EEA9F500C2A44C /* BucketListTests.xctest */ = {isa = PBXFileReference; explicitFileType = wrapper.cfbundle; includeInIndex = 0; path = BucketListTests.xctest; sourceTree = BUILT_PRODUCTS_DIR; };
		39204D8F20EEA9F500C2A44C /* BucketListTests.swift */ = {isa = PBXFileReference; lastKnownFileType = sourcecode.swift; path = BucketListTests.swift; sourceTree = "<group>"; };
		39204D9120EEA9F600C2A44C /* Info.plist */ = {isa = PBXFileReference; lastKnownFileType = text.plist.xml; path = Info.plist; sourceTree = "<group>"; };
		39204D9620EEA9F600C2A44C /* BucketListUITests.xctest */ = {isa = PBXFileReference; explicitFileType = wrapper.cfbundle; includeInIndex = 0; path = BucketListUITests.xctest; sourceTree = BUILT_PRODUCTS_DIR; };
		39204D9A20EEA9F600C2A44C /* BucketListUITests.swift */ = {isa = PBXFileReference; lastKnownFileType = sourcecode.swift; path = BucketListUITests.swift; sourceTree = "<group>"; };
		39204D9C20EEA9F600C2A44C /* Info.plist */ = {isa = PBXFileReference; lastKnownFileType = text.plist.xml; path = Info.plist; sourceTree = "<group>"; };
/* End PBXFileReference section */

/* Begin PBXFrameworksBuildPhase section */
		39204D7420EEA9F400C2A44C /* Frameworks */ = {
			isa = PBXFrameworksBuildPhase;
			buildActionMask = 2147483647;
			files = (
			);
			runOnlyForDeploymentPostprocessing = 0;
		};
		39204D8820EEA9F500C2A44C /* Frameworks */ = {
			isa = PBXFrameworksBuildPhase;
			buildActionMask = 2147483647;
			files = (
			);
			runOnlyForDeploymentPostprocessing = 0;
		};
		39204D9320EEA9F600C2A44C /* Frameworks */ = {
			isa = PBXFrameworksBuildPhase;
			buildActionMask = 2147483647;
			files = (
			);
			runOnlyForDeploymentPostprocessing = 0;
		};
/* End PBXFrameworksBuildPhase section */

/* Begin PBXGroup section */
		39204D6E20EEA9F400C2A44C = {
			isa = PBXGroup;
			children = (
				39204D7920EEA9F400C2A44C /* BucketList */,
				39204D8E20EEA9F500C2A44C /* BucketListTests */,
				39204D9920EEA9F600C2A44C /* BucketListUITests */,
				39204D7820EEA9F400C2A44C /* Products */,
			);
			sourceTree = "<group>";
		};
		39204D7820EEA9F400C2A44C /* Products */ = {
			isa = PBXGroup;
			children = (
				39204D7720EEA9F400C2A44C /* BucketList.app */,
				39204D8B20EEA9F500C2A44C /* BucketListTests.xctest */,
				39204D9620EEA9F600C2A44C /* BucketListUITests.xctest */,
			);
			name = Products;
			sourceTree = "<group>";
		};
		39204D7920EEA9F400C2A44C /* BucketList */ = {
			isa = PBXGroup;
			children = (
				39204D7A20EEA9F400C2A44C /* AppDelegate.swift */,
				39204D7C20EEA9F400C2A44C /* ViewController.swift */,
				39204D7E20EEA9F400C2A44C /* Main.storyboard */,
				39204D8120EEA9F500C2A44C /* Assets.xcassets */,
				39204D8320EEA9F500C2A44C /* LaunchScreen.storyboard */,
				39204D8620EEA9F500C2A44C /* Info.plist */,
			);
			path = BucketList;
			sourceTree = "<group>";
		};
		39204D8E20EEA9F500C2A44C /* BucketListTests */ = {
			isa = PBXGroup;
			children = (
				39204D8F20EEA9F500C2A44C /* BucketListTests.swift */,
				39204D9120EEA9F600C2A44C /* Info.plist */,
			);
			path = BucketListTests;
			sourceTree = "<group>";
		};
		39204D9920EEA9F600C2A44C /* BucketListUITests */ = {
			isa = PBXGroup;
			children = (
				39204D9A20EEA9F600C2A44C /* BucketListUITests.swift */,
				39204D9C20EEA9F600C2A44C /* Info.plist */,
			);
			path = BucketListUITests;
			sourceTree = "<group>";
		};
/* End PBXGroup section */

/* Begin PBXNativeTarget section */
		39204D7620EEA9F400C2A44C /* BucketList */ = {
			isa = PBXNativeTarget;
			buildConfigurationList = 39204D9F20EEA9F600C2A44C /* Build configuration list for PBXNativeTarget "BucketList" */;
			buildPhases = (
				39204D7320EEA9F400C2A44C /* Sources */,
				39204D7420EEA9F400C2A44C /* Frameworks */,
				39204D7520EEA9F400C2A44C /* Resources */,
			);
			buildRules = (
			);
			dependencies = (
			);
			name = BucketList;
			productName = BucketList;
			productReference = 39204D7720EEA9F400C2A44C /* BucketList.app */;
			productType = "com.apple.product-type.application";
		};
		39204D8A20EEA9F500C2A44C /* BucketListTests */ = {
			isa = PBXNativeTarget;
			buildConfigurationList = 39204DA220EEA9F600C2A44C /* Build configuration list for PBXNativeTarget "BucketListTests" */;
			buildPhases = (
				39204D8720EEA9F500C2A44C /* Sources */,
				39204D8820EEA9F500C2A44C /* Frameworks */,
				39204D8920EEA9F500C2A44C /* Resources */,
			);
			buildRules = (
			);
			dependencies = (
				39204D8D20EEA9F500C2A44C /* PBXTargetDependency */,
			);
			name = BucketListTests;
			productName = BucketListTests;
			productReference = 39204D8B20EEA9F500C2A44C /* BucketListTests.xctest */;
			productType = "com.apple.product-type.bundle.unit-test";
		};
		39204D9520EEA9F600C2A44C /* BucketListUITests */ = {
			isa = PBXNativeTarget;
			buildConfigurationList = 39204DA520EEA9F600C2A44C /* Build configuration list for PBXNativeTarget "BucketListUITests" */;
			buildPhases = (
				39204D9220EEA9F600C2A44C /* Sources */,
				39204D9320EEA9F600C2A44C /* Frameworks */,
				39204D9420EEA9F600C2A44C /* Resources */,
			);
			buildRules = (
			);
			dependencies = (
				39204D9820EEA9F600C2A44C /* PBXTargetDependency */,
			);
			name = BucketListUITests;
			productName = BucketListUITests;
			productReference = 39204D9620EEA9F600C2A44C /* BucketListUITests.xctest */;
			productType = "com.apple.product-type.bundle.ui-testing";
		};
/* End PBXNativeTarget section */

/* Begin PBXProject section */
		39204D6F20EEA9F400C2A44C /* Project object */ = {
			isa = PBXProject;
			attributes = {
				LastSwiftUpdateCheck = 0940;
				LastUpgradeCheck = 0940;
				ORGANIZATIONNAME = "Isidro Arzate";
				TargetAttributes = {
					39204D7620EEA9F400C2A44C = {
						CreatedOnToolsVersion = 9.4.1;
					};
					39204D8A20EEA9F500C2A44C = {
						CreatedOnToolsVersion = 9.4.1;
						TestTargetID = 39204D7620EEA9F400C2A44C;
					};
					39204D9520EEA9F600C2A44C = {
						CreatedOnToolsVersion = 9.4.1;
						TestTargetID = 39204D7620EEA9F400C2A44C;
					};
				};
			};
			buildConfigurationList = 39204D7220EEA9F400C2A44C /* Build configuration list for PBXProject "BucketList" */;
			compatibilityVersion = "Xcode 9.3";
			developmentRegion = en;
			hasScannedForEncodings = 0;
			knownRegions = (
				en,
				Base,
			);
			mainGroup = 39204D6E20EEA9F400C2A44C;
			productRefGroup = 39204D7820EEA9F400C2A44C /* Products */;
			projectDirPath = "";
			projectRoot = "";
			targets = (
				39204D7620EEA9F400C2A44C /* BucketList */,
				39204D8A20EEA9F500C2A44C /* BucketListTests */,
				39204D9520EEA9F600C2A44C /* BucketListUITests */,
			);
		};
/* End PBXProject section */

/* Begin PBXResourcesBuildPhase section */
		39204D7520EEA9F400C2A44C /* Resources */ = {
			isa = PBXResourcesBuildPhase;
			buildActionMask = 2147483647;
			files = (
				39204D8520EEA9F500C2A44C /* LaunchScreen.storyboard in Resources */,
				39204D8220EEA9F500C2A44C /* Assets.xcassets in Resources */,
				39204D8020EEA9F400C2A44C /* Main.storyboard in Resources */,
			);
			runOnlyForDeploymentPostprocessing = 0;
		};
		39204D8920EEA9F500C2A44C /* Resources */ = {
			isa = PBXResourcesBuildPhase;
			buildActionMask = 2147483647;
			files = (
			);
			runOnlyForDeploymentPostprocessing = 0;
		};
		39204D9420EEA9F600C2A44C /* Resources */ = {
			isa = PBXResourcesBuildPhase;
			buildActionMask = 2147483647;
			files = (
			);
			runOnlyForDeploymentPostprocessing = 0;
		};
/* End PBXResourcesBuildPhase section */

/* Begin PBXSourcesBuildPhase section */
		39204D7320EEA9F400C2A44C /* Sources */ = {
			isa = PBXSourcesBuildPhase;
			buildActionMask = 2147483647;
			files = (
				39204D7D20EEA9F400C2A44C /* ViewController.swift in Sources */,
				39204D7B20EEA9F400C2A44C /* AppDelegate.swift in Sources */,
			);
			runOnlyForDeploymentPostprocessing = 0;
		};
		39204D8720EEA9F500C2A44C /* Sources */ = {
			isa = PBXSourcesBuildPhase;
			buildActionMask = 2147483647;
			files = (
				39204D9020EEA9F600C2A44C /* BucketListTests.swift in Sources */,
			);
			runOnlyForDeploymentPostprocessing = 0;
		};
		39204D9220EEA9F600C2A44C /* Sources */ = {
			isa = PBXSourcesBuildPhase;
			buildActionMask = 2147483647;
			files = (
				39204D9B20EEA9F600C2A44C /* BucketListUITests.swift in Sources */,
			);
			runOnlyForDeploymentPostprocessing = 0;
		};
/* End PBXSourcesBuildPhase section */

/* Begin PBXTargetDependency section */
		39204D8D20EEA9F500C2A44C /* PBXTargetDependency */ = {
			isa = PBXTargetDependency;
			target = 39204D7620EEA9F400C2A44C /* BucketList */;
			targetProxy = 39204D8C20EEA9F500C2A44C /* PBXContainerItemProxy */;
		};
		39204D9820EEA9F600C2A44C /* PBXTargetDependency */ = {
			isa = PBXTargetDependency;
			target = 39204D7620EEA9F400C2A44C /* BucketList */;
			targetProxy = 39204D9720EEA9F600C2A44C /* PBXContainerItemProxy */;
		};
/* End PBXTargetDependency section */

/* Begin PBXVariantGroup section */
		39204D7E20EEA9F400C2A44C /* Main.storyboard */ = {
			isa = PBXVariantGroup;
			children = (
				39204D7F20EEA9F400C2A44C /* Base */,
			);
			name = Main.storyboard;
			sourceTree = "<group>";
		};
		39204D8320EEA9F500C2A44C /* LaunchScreen.storyboard */ = {
			isa = PBXVariantGroup;
			children = (
				39204D8420EEA9F500C2A44C /* Base */,
			);
			name = LaunchScreen.storyboard;
			sourceTree = "<group>";
		};
/* End PBXVariantGroup section */

/* Begin XCBuildConfiguration section */
		39204D9D20EEA9F600C2A44C /* Debug */ = {
			isa = XCBuildConfiguration;
			buildSettings = {
				ALWAYS_SEARCH_USER_PATHS = NO;
				CLANG_ANALYZER_NONNULL = YES;
				CLANG_ANALYZER_NUMBER_OBJECT_CONVERSION = YES_AGGRESSIVE;
				CLANG_CXX_LANGUAGE_STANDARD = "gnu++14";
				CLANG_CXX_LIBRARY = "libc++";
				CLANG_ENABLE_MODULES = YES;
				CLANG_ENABLE_OBJC_ARC = YES;
				CLANG_ENABLE_OBJC_WEAK = YES;
				CLANG_WARN_BLOCK_CAPTURE_AUTORELEASING = YES;
				CLANG_WARN_BOOL_CONVERSION = YES;
				CLANG_WARN_COMMA = YES;
				CLANG_WARN_CONSTANT_CONVERSION = YES;
				CLANG_WARN_DEPRECATED_OBJC_IMPLEMENTATIONS = YES;
				CLANG_WARN_DIRECT_OBJC_ISA_USAGE = YES_ERROR;
				CLANG_WARN_DOCUMENTATION_COMMENTS = YES;
				CLANG_WARN_EMPTY_BODY = YES;
				CLANG_WARN_ENUM_CONVERSION = YES;
				CLANG_WARN_INFINITE_RECURSION = YES;
				CLANG_WARN_INT_CONVERSION = YES;
				CLANG_WARN_NON_LITERAL_NULL_CONVERSION = YES;
				CLANG_WARN_OBJC_IMPLICIT_RETAIN_SELF = YES;
				CLANG_WARN_OBJC_LITERAL_CONVERSION = YES;
				CLANG_WARN_OBJC_ROOT_CLASS = YES_ERROR;
				CLANG_WARN_RANGE_LOOP_ANALYSIS = YES;
				CLANG_WARN_STRICT_PROTOTYPES = YES;
				CLANG_WARN_SUSPICIOUS_MOVE = YES;
				CLANG_WARN_UNGUARDED_AVAILABILITY = YES_AGGRESSIVE;
				CLANG_WARN_UNREACHABLE_CODE = YES;
				CLANG_WARN__DUPLICATE_METHOD_MATCH = YES;
				CODE_SIGN_IDENTITY = "iPhone Developer";
				COPY_PHASE_STRIP = NO;
				DEBUG_INFORMATION_FORMAT = dwarf;
				ENABLE_STRICT_OBJC_MSGSEND = YES;
				ENABLE_TESTABILITY = YES;
				GCC_C_LANGUAGE_STANDARD = gnu11;
				GCC_DYNAMIC_NO_PIC = NO;
				GCC_NO_COMMON_BLOCKS = YES;
				GCC_OPTIMIZATION_LEVEL = 0;
				GCC_PREPROCESSOR_DEFINITIONS = (
					"DEBUG=1",
					"$(inherited)",
				);
				GCC_WARN_64_TO_32_BIT_CONVERSION = YES;
				GCC_WARN_ABOUT_RETURN_TYPE = YES_ERROR;
				GCC_WARN_UNDECLARED_SELECTOR = YES;
				GCC_WARN_UNINITIALIZED_AUTOS = YES_AGGRESSIVE;
				GCC_WARN_UNUSED_FUNCTION = YES;
				GCC_WARN_UNUSED_VARIABLE = YES;
				IPHONEOS_DEPLOYMENT_TARGET = 11.4;
				MTL_ENABLE_DEBUG_INFO = YES;
				ONLY_ACTIVE_ARCH = YES;
				SDKROOT = iphoneos;
				SWIFT_ACTIVE_COMPILATION_CONDITIONS = DEBUG;
				SWIFT_OPTIMIZATION_LEVEL = "-Onone";
			};
			name = Debug;
		};
		39204D9E20EEA9F600C2A44C /* Release */ = {
			isa = XCBuildConfiguration;
			buildSettings = {
				ALWAYS_SEARCH_USER_PATHS = NO;
				CLANG_ANALYZER_NONNULL = YES;
				CLANG_ANALYZER_NUMBER_OBJECT_CONVERSION = YES_AGGRESSIVE;
				CLANG_CXX_LANGUAGE_STANDARD = "gnu++14";
				CLANG_CXX_LIBRARY = "libc++";
				CLANG_ENABLE_MODULES = YES;
				CLANG_ENABLE_OBJC_ARC = YES;
				CLANG_ENABLE_OBJC_WEAK = YES;
				CLANG_WARN_BLOCK_CAPTURE_AUTORELEASING = YES;
				CLANG_WARN_BOOL_CONVERSION = YES;
				CLANG_WARN_COMMA = YES;
				CLANG_WARN_CONSTANT_CONVERSION = YES;
				CLANG_WARN_DEPRECATED_OBJC_IMPLEMENTATIONS = YES;
				CLANG_WARN_DIRECT_OBJC_ISA_USAGE = YES_ERROR;
				CLANG_WARN_DOCUMENTATION_COMMENTS = YES;
				CLANG_WARN_EMPTY_BODY = YES;
				CLANG_WARN_ENUM_CONVERSION = YES;
				CLANG_WARN_INFINITE_RECURSION = YES;
				CLANG_WARN_INT_CONVERSION = YES;
				CLANG_WARN_NON_LITERAL_NULL_CONVERSION = YES;
				CLANG_WARN_OBJC_IMPLICIT_RETAIN_SELF = YES;
				CLANG_WARN_OBJC_LITERAL_CONVERSION = YES;
				CLANG_WARN_OBJC_ROOT_CLASS = YES_ERROR;
				CLANG_WARN_RANGE_LOOP_ANALYSIS = YES;
				CLANG_WARN_STRICT_PROTOTYPES = YES;
				CLANG_WARN_SUSPICIOUS_MOVE = YES;
				CLANG_WARN_UNGUARDED_AVAILABILITY = YES_AGGRESSIVE;
				CLANG_WARN_UNREACHABLE_CODE = YES;
				CLANG_WARN__DUPLICATE_METHOD_MATCH = YES;
				CODE_SIGN_IDENTITY = "iPhone Developer";
				COPY_PHASE_STRIP = NO;
				DEBUG_INFORMATION_FORMAT = "dwarf-with-dsym";
				ENABLE_NS_ASSERTIONS = NO;
				ENABLE_STRICT_OBJC_MSGSEND = YES;
				GCC_C_LANGUAGE_STANDARD = gnu11;
				GCC_NO_COMMON_BLOCKS = YES;
				GCC_WARN_64_TO_32_BIT_CONVERSION = YES;
				GCC_WARN_ABOUT_RETURN_TYPE = YES_ERROR;
				GCC_WARN_UNDECLARED_SELECTOR = YES;
				GCC_WARN_UNINITIALIZED_AUTOS = YES_AGGRESSIVE;
				GCC_WARN_UNUSED_FUNCTION = YES;
				GCC_WARN_UNUSED_VARIABLE = YES;
				IPHONEOS_DEPLOYMENT_TARGET = 11.4;
				MTL_ENABLE_DEBUG_INFO = NO;
				SDKROOT = iphoneos;
				SWIFT_COMPILATION_MODE = wholemodule;
				SWIFT_OPTIMIZATION_LEVEL = "-O";
				VALIDATE_PRODUCT = YES;
			};
			name = Release;
		};
		39204DA020EEA9F600C2A44C /* Debug */ = {
			isa = XCBuildConfiguration;
			buildSettings = {
				ASSETCATALOG_COMPILER_APPICON_NAME = AppIcon;
				CODE_SIGN_STYLE = Automatic;
				DEVELOPMENT_TEAM = ZPK3PS7YW5;
				INFOPLIST_FILE = BucketList/Info.plist;
				LD_RUNPATH_SEARCH_PATHS = (
					"$(inherited)",
					"@executable_path/Frameworks",
				);
				PRODUCT_BUNDLE_IDENTIFIER = sids.BucketList;
				PRODUCT_NAME = "$(TARGET_NAME)";
				SWIFT_VERSION = 4.0;
				TARGETED_DEVICE_FAMILY = "1,2";
			};
			name = Debug;
		};
		39204DA120EEA9F600C2A44C /* Release */ = {
			isa = XCBuildConfiguration;
			buildSettings = {
				ASSETCATALOG_COMPILER_APPICON_NAME = AppIcon;
				CODE_SIGN_STYLE = Automatic;
				DEVELOPMENT_TEAM = ZPK3PS7YW5;
				INFOPLIST_FILE = BucketList/Info.plist;
				LD_RUNPATH_SEARCH_PATHS = (
					"$(inherited)",
					"@executable_path/Frameworks",
				);
				PRODUCT_BUNDLE_IDENTIFIER = sids.BucketList;
				PRODUCT_NAME = "$(TARGET_NAME)";
				SWIFT_VERSION = 4.0;
				TARGETED_DEVICE_FAMILY = "1,2";
			};
			name = Release;
		};
		39204DA320EEA9F600C2A44C /* Debug */ = {
			isa = XCBuildConfiguration;
			buildSettings = {
				ALWAYS_EMBED_SWIFT_STANDARD_LIBRARIES = YES;
				BUNDLE_LOADER = "$(TEST_HOST)";
				CODE_SIGN_STYLE = Automatic;
				DEVELOPMENT_TEAM = ZPK3PS7YW5;
				INFOPLIST_FILE = BucketListTests/Info.plist;
				LD_RUNPATH_SEARCH_PATHS = (
					"$(inherited)",
					"@executable_path/Frameworks",
					"@loader_path/Frameworks",
				);
				PRODUCT_BUNDLE_IDENTIFIER = sids.BucketListTests;
				PRODUCT_NAME = "$(TARGET_NAME)";
				SWIFT_VERSION = 4.0;
				TARGETED_DEVICE_FAMILY = "1,2";
				TEST_HOST = "$(BUILT_PRODUCTS_DIR)/BucketList.app/BucketList";
			};
			name = Debug;
		};
		39204DA420EEA9F600C2A44C /* Release */ = {
			isa = XCBuildConfiguration;
			buildSettings = {
				ALWAYS_EMBED_SWIFT_STANDARD_LIBRARIES = YES;
				BUNDLE_LOADER = "$(TEST_HOST)";
				CODE_SIGN_STYLE = Automatic;
				DEVELOPMENT_TEAM = ZPK3PS7YW5;
				INFOPLIST_FILE = BucketListTests/Info.plist;
				LD_RUNPATH_SEARCH_PATHS = (
					"$(inherited)",
					"@executable_path/Frameworks",
					"@loader_path/Frameworks",
				);
				PRODUCT_BUNDLE_IDENTIFIER = sids.BucketListTests;
				PRODUCT_NAME = "$(TARGET_NAME)";
				SWIFT_VERSION = 4.0;
				TARGETED_DEVICE_FAMILY = "1,2";
				TEST_HOST = "$(BUILT_PRODUCTS_DIR)/BucketList.app/BucketList";
			};
			name = Release;
		};
		39204DA620EEA9F600C2A44C /* Debug */ = {
			isa = XCBuildConfiguration;
			buildSettings = {
				ALWAYS_EMBED_SWIFT_STANDARD_LIBRARIES = YES;
				CODE_SIGN_STYLE = Automatic;
				DEVELOPMENT_TEAM = ZPK3PS7YW5;
				INFOPLIST_FILE = BucketListUITests/Info.plist;
				LD_RUNPATH_SEARCH_PATHS = (
					"$(inherited)",
					"@executable_path/Frameworks",
					"@loader_path/Frameworks",
				);
				PRODUCT_BUNDLE_IDENTIFIER = sids.BucketListUITests;
				PRODUCT_NAME = "$(TARGET_NAME)";
				SWIFT_VERSION = 4.0;
				TARGETED_DEVICE_FAMILY = "1,2";
				TEST_TARGET_NAME = BucketList;
			};
			name = Debug;
		};
		39204DA720EEA9F600C2A44C /* Release */ = {
			isa = XCBuildConfiguration;
			buildSettings = {
				ALWAYS_EMBED_SWIFT_STANDARD_LIBRARIES = YES;
				CODE_SIGN_STYLE = Automatic;
				DEVELOPMENT_TEAM = ZPK3PS7YW5;
				INFOPLIST_FILE = BucketListUITests/Info.plist;
				LD_RUNPATH_SEARCH_PATHS = (
					"$(inherited)",
					"@executable_path/Frameworks",
					"@loader_path/Frameworks",
				);
				PRODUCT_BUNDLE_IDENTIFIER = sids.BucketListUITests;
				PRODUCT_NAME = "$(TARGET_NAME)";
				SWIFT_VERSION = 4.0;
				TARGETED_DEVICE_FAMILY = "1,2";
				TEST_TARGET_NAME = BucketList;
			};
			name = Release;
		};
/* End XCBuildConfiguration section */

/* Begin XCConfigurationList section */
		39204D7220EEA9F400C2A44C /* Build configuration list for PBXProject "BucketList" */ = {
			isa = XCConfigurationList;
			buildConfigurations = (
				39204D9D20EEA9F600C2A44C /* Debug */,
				39204D9E20EEA9F600C2A44C /* Release */,
			);
			defaultConfigurationIsVisible = 0;
			defaultConfigurationName = Release;
		};
		39204D9F20EEA9F600C2A44C /* Build configuration list for PBXNativeTarget "BucketList" */ = {
			isa = XCConfigurationList;
			buildConfigurations = (
				39204DA020EEA9F600C2A44C /* Debug */,
				39204DA120EEA9F600C2A44C /* Release */,
			);
			defaultConfigurationIsVisible = 0;
			defaultConfigurationName = Release;
		};
		39204DA220EEA9F600C2A44C /* Build configuration list for PBXNativeTarget "BucketListTests" */ = {
			isa = XCConfigurationList;
			buildConfigurations = (
				39204DA320EEA9F600C2A44C /* Debug */,
				39204DA420EEA9F600C2A44C /* Release */,
			);
			defaultConfigurationIsVisible = 0;
			defaultConfigurationName = Release;
		};
		39204DA520EEA9F600C2A44C /* Build configuration list for PBXNativeTarget "BucketListUITests" */ = {
			isa = XCConfigurationList;
			buildConfigurations = (
				39204DA620EEA9F600C2A44C /* Debug */,
				39204DA720EEA9F600C2A44C /* Release */,
			);
			defaultConfigurationIsVisible = 0;
			defaultConfigurationName = Release;
		};
/* End XCConfigurationList section */
	};
	rootObject = 39204D6F20EEA9F400C2A44C /* Project object */;
}
